// !$*UTF8*$!
{
	archiveVersion = 1;
	classes = {
	};
	objectVersion = 48;
	objects = {

/* Begin PBXBuildFile section */
		4C02D6F6206F045200EB3741 /* Subject.swift in Sources */ = {isa = PBXBuildFile; fileRef = 4C02D6F5206F045200EB3741 /* Subject.swift */; };
		4C02D6F8206F0CAA00EB3741 /* ClassDetailViewController.swift in Sources */ = {isa = PBXBuildFile; fileRef = 4C02D6F7206F0CAA00EB3741 /* ClassDetailViewController.swift */; };
		4C9DB0F3206464EE00069486 /* Homewrok.swift in Sources */ = {isa = PBXBuildFile; fileRef = 4C9DB0F2206464EE00069486 /* Homewrok.swift */; };
		4C9DB0F52064699200069486 /* ClassesViewController.swift in Sources */ = {isa = PBXBuildFile; fileRef = 4C9DB0F42064699200069486 /* ClassesViewController.swift */; };
		4CBA4ED5206D9E8700AE7DE4 /* ClassesCollectionViewCell.swift in Sources */ = {isa = PBXBuildFile; fileRef = 4CBA4ED4206D9E8700AE7DE4 /* ClassesCollectionViewCell.swift */; };
		4CBC2C242061BDFC003857E2 /* AppDelegate.swift in Sources */ = {isa = PBXBuildFile; fileRef = 4CBC2C232061BDFC003857E2 /* AppDelegate.swift */; };
		4CBC2C262061BDFC003857E2 /* ViewController.swift in Sources */ = {isa = PBXBuildFile; fileRef = 4CBC2C252061BDFC003857E2 /* ViewController.swift */; };
		4CBC2C292061BDFC003857E2 /* Main.storyboard in Resources */ = {isa = PBXBuildFile; fileRef = 4CBC2C272061BDFC003857E2 /* Main.storyboard */; };
		4CBC2C2B2061BDFC003857E2 /* Assets.xcassets in Resources */ = {isa = PBXBuildFile; fileRef = 4CBC2C2A2061BDFC003857E2 /* Assets.xcassets */; };
		4CBC2C2E2061BDFC003857E2 /* LaunchScreen.storyboard in Resources */ = {isa = PBXBuildFile; fileRef = 4CBC2C2C2061BDFC003857E2 /* LaunchScreen.storyboard */; };
		4CBC2C442061C2FB003857E2 /* today.png in Resources */ = {isa = PBXBuildFile; fileRef = 4CBC2C412061C2FB003857E2 /* today.png */; };
		4CBC2C452061C2FB003857E2 /* books.png in Resources */ = {isa = PBXBuildFile; fileRef = 4CBC2C422061C2FB003857E2 /* books.png */; };
		4CBC2C462061C2FB003857E2 /* homework.png in Resources */ = {isa = PBXBuildFile; fileRef = 4CBC2C432061C2FB003857E2 /* homework.png */; };
/* End PBXBuildFile section */

/* Begin PBXFileReference section */
		4C02D6F5206F045200EB3741 /* Subject.swift */ = {isa = PBXFileReference; lastKnownFileType = sourcecode.swift; path = Subject.swift; sourceTree = "<group>"; };
		4C02D6F7206F0CAA00EB3741 /* ClassDetailViewController.swift */ = {isa = PBXFileReference; lastKnownFileType = sourcecode.swift; path = ClassDetailViewController.swift; sourceTree = "<group>"; };
		4C9DB0F12064617E00069486 /* README.md */ = {isa = PBXFileReference; lastKnownFileType = net.daringfireball.markdown; path = README.md; sourceTree = "<group>"; };
		4C9DB0F2206464EE00069486 /* Homewrok.swift */ = {isa = PBXFileReference; lastKnownFileType = sourcecode.swift; path = Homewrok.swift; sourceTree = "<group>"; };
		4C9DB0F42064699200069486 /* ClassesViewController.swift */ = {isa = PBXFileReference; lastKnownFileType = sourcecode.swift; path = ClassesViewController.swift; sourceTree = "<group>"; };
		4CBA4ED4206D9E8700AE7DE4 /* ClassesCollectionViewCell.swift */ = {isa = PBXFileReference; lastKnownFileType = sourcecode.swift; path = ClassesCollectionViewCell.swift; sourceTree = "<group>"; };
		4CBC2C202061BDFC003857E2 /* Homework Buddy.app */ = {isa = PBXFileReference; explicitFileType = wrapper.application; includeInIndex = 0; path = "Homework Buddy.app"; sourceTree = BUILT_PRODUCTS_DIR; };
		4CBC2C232061BDFC003857E2 /* AppDelegate.swift */ = {isa = PBXFileReference; lastKnownFileType = sourcecode.swift; path = AppDelegate.swift; sourceTree = "<group>"; };
		4CBC2C252061BDFC003857E2 /* ViewController.swift */ = {isa = PBXFileReference; lastKnownFileType = sourcecode.swift; path = ViewController.swift; sourceTree = "<group>"; };
		4CBC2C282061BDFC003857E2 /* Base */ = {isa = PBXFileReference; lastKnownFileType = file.storyboard; name = Base; path = Base.lproj/Main.storyboard; sourceTree = "<group>"; };
		4CBC2C2A2061BDFC003857E2 /* Assets.xcassets */ = {isa = PBXFileReference; lastKnownFileType = folder.assetcatalog; path = Assets.xcassets; sourceTree = "<group>"; };
		4CBC2C2D2061BDFC003857E2 /* Base */ = {isa = PBXFileReference; lastKnownFileType = file.storyboard; name = Base; path = Base.lproj/LaunchScreen.storyboard; sourceTree = "<group>"; };
		4CBC2C2F2061BDFC003857E2 /* Info.plist */ = {isa = PBXFileReference; lastKnownFileType = text.plist.xml; path = Info.plist; sourceTree = "<group>"; };
		4CBC2C412061C2FB003857E2 /* today.png */ = {isa = PBXFileReference; lastKnownFileType = image.png; path = today.png; sourceTree = "<group>"; };
		4CBC2C422061C2FB003857E2 /* books.png */ = {isa = PBXFileReference; lastKnownFileType = image.png; path = books.png; sourceTree = "<group>"; };
		4CBC2C432061C2FB003857E2 /* homework.png */ = {isa = PBXFileReference; lastKnownFileType = image.png; path = homework.png; sourceTree = "<group>"; };
/* End PBXFileReference section */

/* Begin PBXFrameworksBuildPhase section */
		4CBC2C1D2061BDFC003857E2 /* Frameworks */ = {
			isa = PBXFrameworksBuildPhase;
			buildActionMask = 2147483647;
			files = (
			);
			runOnlyForDeploymentPostprocessing = 0;
		};
/* End PBXFrameworksBuildPhase section */

/* Begin PBXGroup section */
		4CBC2C172061BDFC003857E2 = {
			isa = PBXGroup;
			children = (
				4C9DB0F12064617E00069486 /* README.md */,
				4CBC2C222061BDFC003857E2 /* Homework Buddy */,
				4CBC2C212061BDFC003857E2 /* Products */,
			);
			sourceTree = "<group>";
		};
		4CBC2C212061BDFC003857E2 /* Products */ = {
			isa = PBXGroup;
			children = (
				4CBC2C202061BDFC003857E2 /* Homework Buddy.app */,
			);
			name = Products;
			sourceTree = "<group>";
		};
		4CBC2C222061BDFC003857E2 /* Homework Buddy */ = {
			isa = PBXGroup;
			children = (
				4CBC2C232061BDFC003857E2 /* AppDelegate.swift */,
				4CBC2C252061BDFC003857E2 /* ViewController.swift */,
				4C9DB0F2206464EE00069486 /* Homewrok.swift */,
				4C02D6F5206F045200EB3741 /* Subject.swift */,
				4CBC2C272061BDFC003857E2 /* Main.storyboard */,
				4C02D6F7206F0CAA00EB3741 /* ClassDetailViewController.swift */,
				4CBA4ED4206D9E8700AE7DE4 /* ClassesCollectionViewCell.swift */,
				4C9DB0F42064699200069486 /* ClassesViewController.swift */,
				4CBC2C2A2061BDFC003857E2 /* Assets.xcassets */,
				4CBC2C2C2061BDFC003857E2 /* LaunchScreen.storyboard */,
				4CBC2C2F2061BDFC003857E2 /* Info.plist */,
				4CBC2C422061C2FB003857E2 /* books.png */,
				4CBC2C432061C2FB003857E2 /* homework.png */,
				4CBC2C412061C2FB003857E2 /* today.png */,
			);
			path = "Homework Buddy";
			sourceTree = "<group>";
		};
/* End PBXGroup section */

/* Begin PBXNativeTarget section */
		4CBC2C1F2061BDFC003857E2 /* Homework Buddy */ = {
			isa = PBXNativeTarget;
			buildConfigurationList = 4CBC2C322061BDFC003857E2 /* Build configuration list for PBXNativeTarget "Homework Buddy" */;
			buildPhases = (
				4CBC2C1C2061BDFC003857E2 /* Sources */,
				4CBC2C1D2061BDFC003857E2 /* Frameworks */,
				4CBC2C1E2061BDFC003857E2 /* Resources */,
			);
			buildRules = (
			);
			dependencies = (
			);
			name = "Homework Buddy";
			productName = "Homework Buddy";
			productReference = 4CBC2C202061BDFC003857E2 /* Homework Buddy.app */;
			productType = "com.apple.product-type.application";
		};
/* End PBXNativeTarget section */

/* Begin PBXProject section */
		4CBC2C182061BDFC003857E2 /* Project object */ = {
			isa = PBXProject;
			attributes = {
				LastSwiftUpdateCheck = 0920;
				LastUpgradeCheck = 0920;
				ORGANIZATIONNAME = "Jiro Farah";
				TargetAttributes = {
					4CBC2C1F2061BDFC003857E2 = {
						CreatedOnToolsVersion = 9.2;
						ProvisioningStyle = Automatic;
					};
				};
			};
			buildConfigurationList = 4CBC2C1B2061BDFC003857E2 /* Build configuration list for PBXProject "Homework Buddy" */;
			compatibilityVersion = "Xcode 8.0";
			developmentRegion = en;
			hasScannedForEncodings = 0;
			knownRegions = (
				en,
				Base,
			);
			mainGroup = 4CBC2C172061BDFC003857E2;
			productRefGroup = 4CBC2C212061BDFC003857E2 /* Products */;
			projectDirPath = "";
			projectRoot = "";
			targets = (
				4CBC2C1F2061BDFC003857E2 /* Homework Buddy */,
			);
		};
/* End PBXProject section */

/* Begin PBXResourcesBuildPhase section */
		4CBC2C1E2061BDFC003857E2 /* Resources */ = {
			isa = PBXResourcesBuildPhase;
			buildActionMask = 2147483647;
			files = (
				4CBC2C2E2061BDFC003857E2 /* LaunchScreen.storyboard in Resources */,
				4CBC2C442061C2FB003857E2 /* today.png in Resources */,
				4CBC2C2B2061BDFC003857E2 /* Assets.xcassets in Resources */,
				4CBC2C452061C2FB003857E2 /* books.png in Resources */,
				4CBC2C292061BDFC003857E2 /* Main.storyboard in Resources */,
				4CBC2C462061C2FB003857E2 /* homework.png in Resources */,
			);
			runOnlyForDeploymentPostprocessing = 0;
		};
/* End PBXResourcesBuildPhase section */

/* Begin PBXSourcesBuildPhase section */
		4CBC2C1C2061BDFC003857E2 /* Sources */ = {
			isa = PBXSourcesBuildPhase;
			buildActionMask = 2147483647;
			files = (
				4C9DB0F3206464EE00069486 /* Homewrok.swift in Sources */,
				4CBC2C262061BDFC003857E2 /* ViewController.swift in Sources */,
				4CBA4ED5206D9E8700AE7DE4 /* ClassesCollectionViewCell.swift in Sources */,
				4CBC2C242061BDFC003857E2 /* AppDelegate.swift in Sources */,
				4C02D6F8206F0CAA00EB3741 /* ClassDetailViewController.swift in Sources */,
				4C02D6F6206F045200EB3741 /* Subject.swift in Sources */,
				4C9DB0F52064699200069486 /* ClassesViewController.swift in Sources */,
			);
			runOnlyForDeploymentPostprocessing = 0;
		};
/* End PBXSourcesBuildPhase section */

/* Begin PBXVariantGroup section */
		4CBC2C272061BDFC003857E2 /* Main.storyboard */ = {
			isa = PBXVariantGroup;
			children = (
				4CBC2C282061BDFC003857E2 /* Base */,
			);
			name = Main.storyboard;
			sourceTree = "<group>";
		};
		4CBC2C2C2061BDFC003857E2 /* LaunchScreen.storyboard */ = {
			isa = PBXVariantGroup;
			children = (
				4CBC2C2D2061BDFC003857E2 /* Base */,
			);
			name = LaunchScreen.storyboard;
			sourceTree = "<group>";
		};
/* End PBXVariantGroup section */

/* Begin XCBuildConfiguration section */
		4CBC2C302061BDFC003857E2 /* Debug */ = {
			isa = XCBuildConfiguration;
			buildSettings = {
				ALWAYS_SEARCH_USER_PATHS = NO;
				CLANG_ANALYZER_NONNULL = YES;
				CLANG_ANALYZER_NUMBER_OBJECT_CONVERSION = YES_AGGRESSIVE;
				CLANG_CXX_LANGUAGE_STANDARD = "gnu++14";
				CLANG_CXX_LIBRARY = "libc++";
				CLANG_ENABLE_MODULES = YES;
				CLANG_ENABLE_OBJC_ARC = YES;
				CLANG_WARN_BLOCK_CAPTURE_AUTORELEASING = YES;
				CLANG_WARN_BOOL_CONVERSION = YES;
				CLANG_WARN_COMMA = YES;
				CLANG_WARN_CONSTANT_CONVERSION = YES;
				CLANG_WARN_DIRECT_OBJC_ISA_USAGE = YES_ERROR;
				CLANG_WARN_DOCUMENTATION_COMMENTS = YES;
				CLANG_WARN_EMPTY_BODY = YES;
				CLANG_WARN_ENUM_CONVERSION = YES;
				CLANG_WARN_INFINITE_RECURSION = YES;
				CLANG_WARN_INT_CONVERSION = YES;
				CLANG_WARN_NON_LITERAL_NULL_CONVERSION = YES;
				CLANG_WARN_OBJC_LITERAL_CONVERSION = YES;
				CLANG_WARN_OBJC_ROOT_CLASS = YES_ERROR;
				CLANG_WARN_RANGE_LOOP_ANALYSIS = YES;
				CLANG_WARN_STRICT_PROTOTYPES = YES;
				CLANG_WARN_SUSPICIOUS_MOVE = YES;
				CLANG_WARN_UNGUARDED_AVAILABILITY = YES_AGGRESSIVE;
				CLANG_WARN_UNREACHABLE_CODE = YES;
				CLANG_WARN__DUPLICATE_METHOD_MATCH = YES;
				CODE_SIGN_IDENTITY = "iPhone Developer";
				COPY_PHASE_STRIP = NO;
				DEBUG_INFORMATION_FORMAT = dwarf;
				ENABLE_STRICT_OBJC_MSGSEND = YES;
				ENABLE_TESTABILITY = YES;
				GCC_C_LANGUAGE_STANDARD = gnu11;
				GCC_DYNAMIC_NO_PIC = NO;
				GCC_NO_COMMON_BLOCKS = YES;
				GCC_OPTIMIZATION_LEVEL = 0;
				GCC_PREPROCESSOR_DEFINITIONS = (
					"DEBUG=1",
					"$(inherited)",
				);
				GCC_WARN_64_TO_32_BIT_CONVERSION = YES;
				GCC_WARN_ABOUT_RETURN_TYPE = YES_ERROR;
				GCC_WARN_UNDECLARED_SELECTOR = YES;
				GCC_WARN_UNINITIALIZED_AUTOS = YES_AGGRESSIVE;
				GCC_WARN_UNUSED_FUNCTION = YES;
				GCC_WARN_UNUSED_VARIABLE = YES;
				IPHONEOS_DEPLOYMENT_TARGET = 11.2;
				MTL_ENABLE_DEBUG_INFO = YES;
				ONLY_ACTIVE_ARCH = YES;
				SDKROOT = iphoneos;
				SWIFT_ACTIVE_COMPILATION_CONDITIONS = DEBUG;
				SWIFT_OPTIMIZATION_LEVEL = "-Onone";
			};
			name = Debug;
		};
		4CBC2C312061BDFC003857E2 /* Release */ = {
			isa = XCBuildConfiguration;
			buildSettings = {
				ALWAYS_SEARCH_USER_PATHS = NO;
				CLANG_ANALYZER_NONNULL = YES;
				CLANG_ANALYZER_NUMBER_OBJECT_CONVERSION = YES_AGGRESSIVE;
				CLANG_CXX_LANGUAGE_STANDARD = "gnu++14";
				CLANG_CXX_LIBRARY = "libc++";
				CLANG_ENABLE_MODULES = YES;
				CLANG_ENABLE_OBJC_ARC = YES;
				CLANG_WARN_BLOCK_CAPTURE_AUTORELEASING = YES;
				CLANG_WARN_BOOL_CONVERSION = YES;
				CLANG_WARN_COMMA = YES;
				CLANG_WARN_CONSTANT_CONVERSION = YES;
				CLANG_WARN_DIRECT_OBJC_ISA_USAGE = YES_ERROR;
				CLANG_WARN_DOCUMENTATION_COMMENTS = YES;
				CLANG_WARN_EMPTY_BODY = YES;
				CLANG_WARN_ENUM_CONVERSION = YES;
				CLANG_WARN_INFINITE_RECURSION = YES;
				CLANG_WARN_INT_CONVERSION = YES;
				CLANG_WARN_NON_LITERAL_NULL_CONVERSION = YES;
				CLANG_WARN_OBJC_LITERAL_CONVERSION = YES;
				CLANG_WARN_OBJC_ROOT_CLASS = YES_ERROR;
				CLANG_WARN_RANGE_LOOP_ANALYSIS = YES;
				CLANG_WARN_STRICT_PROTOTYPES = YES;
				CLANG_WARN_SUSPICIOUS_MOVE = YES;
				CLANG_WARN_UNGUARDED_AVAILABILITY = YES_AGGRESSIVE;
				CLANG_WARN_UNREACHABLE_CODE = YES;
				CLANG_WARN__DUPLICATE_METHOD_MATCH = YES;
				CODE_SIGN_IDENTITY = "iPhone Developer";
				COPY_PHASE_STRIP = NO;
				DEBUG_INFORMATION_FORMAT = "dwarf-with-dsym";
				ENABLE_NS_ASSERTIONS = NO;
				ENABLE_STRICT_OBJC_MSGSEND = YES;
				GCC_C_LANGUAGE_STANDARD = gnu11;
				GCC_NO_COMMON_BLOCKS = YES;
				GCC_WARN_64_TO_32_BIT_CONVERSION = YES;
				GCC_WARN_ABOUT_RETURN_TYPE = YES_ERROR;
				GCC_WARN_UNDECLARED_SELECTOR = YES;
				GCC_WARN_UNINITIALIZED_AUTOS = YES_AGGRESSIVE;
				GCC_WARN_UNUSED_FUNCTION = YES;
				GCC_WARN_UNUSED_VARIABLE = YES;
				IPHONEOS_DEPLOYMENT_TARGET = 11.2;
				MTL_ENABLE_DEBUG_INFO = NO;
				SDKROOT = iphoneos;
				SWIFT_OPTIMIZATION_LEVEL = "-Owholemodule";
				VALIDATE_PRODUCT = YES;
			};
			name = Release;
		};
		4CBC2C332061BDFC003857E2 /* Debug */ = {
			isa = XCBuildConfiguration;
			buildSettings = {
				ASSETCATALOG_COMPILER_APPICON_NAME = AppIcon;
				CODE_SIGN_STYLE = Automatic;
				DEVELOPMENT_TEAM = W6FVBK8FSA;
				INFOPLIST_FILE = "Homework Buddy/Info.plist";
				LD_RUNPATH_SEARCH_PATHS = "$(inherited) @executable_path/Frameworks";
				PRODUCT_BUNDLE_IDENTIFIER = "cpts479.Homework-Buddy";
				PRODUCT_NAME = "$(TARGET_NAME)";
				SWIFT_VERSION = 4.0;
				TARGETED_DEVICE_FAMILY = "1,2";
			};
			name = Debug;
		};
		4CBC2C342061BDFC003857E2 /* Release */ = {
			isa = XCBuildConfiguration;
			buildSettings = {
				ASSETCATALOG_COMPILER_APPICON_NAME = AppIcon;
				CODE_SIGN_STYLE = Automatic;
				DEVELOPMENT_TEAM = W6FVBK8FSA;
				INFOPLIST_FILE = "Homework Buddy/Info.plist";
				LD_RUNPATH_SEARCH_PATHS = "$(inherited) @executable_path/Frameworks";
				PRODUCT_BUNDLE_IDENTIFIER = "cpts479.Homework-Buddy";
				PRODUCT_NAME = "$(TARGET_NAME)";
				SWIFT_VERSION = 4.0;
				TARGETED_DEVICE_FAMILY = "1,2";
			};
			name = Release;
		};
/* End XCBuildConfiguration section */

/* Begin XCConfigurationList section */
		4CBC2C1B2061BDFC003857E2 /* Build configuration list for PBXProject "Homework Buddy" */ = {
			isa = XCConfigurationList;
			buildConfigurations = (
				4CBC2C302061BDFC003857E2 /* Debug */,
				4CBC2C312061BDFC003857E2 /* Release */,
			);
			defaultConfigurationIsVisible = 0;
			defaultConfigurationName = Release;
		};
		4CBC2C322061BDFC003857E2 /* Build configuration list for PBXNativeTarget "Homework Buddy" */ = {
			isa = XCConfigurationList;
			buildConfigurations = (
				4CBC2C332061BDFC003857E2 /* Debug */,
				4CBC2C342061BDFC003857E2 /* Release */,
			);
			defaultConfigurationIsVisible = 0;
			defaultConfigurationName = Release;
		};
/* End XCConfigurationList section */
	};
	rootObject = 4CBC2C182061BDFC003857E2 /* Project object */;
}
